
Microsoft Visual Studio Solution File, Format Version 12.00
Project("{FAE04EC0-301F-11D3-BF4B-00C04F79EFBC}") = "StartOfNetwork", "StartOfNetwork\StartOfNetwork.csproj", "{E75B9BCD-73C8-4C27-828D-47E6C2EECEF0}"
EndProject
Project("{FAE04EC0-301F-11D3-BF4B-00C04F79EFBC}") = "client", "client\client.csproj", "{EDDCEC80-BA6F-4CC0-BB0D-61A2CF5ADF4C}"
EndProject
Global
	GlobalSection(SolutionConfigurationPlatforms) = preSolution
		Debug|Any CPU = Debug|Any CPU
		Release|Any CPU = Release|Any CPU
	EndGlobalSection
	GlobalSection(ProjectConfigurationPlatforms) = postSolution
		{E75B9BCD-73C8-4C27-828D-47E6C2EECEF0}.Debug|Any CPU.ActiveCfg = Debug|Any CPU
		{E75B9BCD-73C8-4C27-828D-47E6C2EECEF0}.Debug|Any CPU.Build.0 = Debug|Any CPU
		{E75B9BCD-73C8-4C27-828D-47E6C2EECEF0}.Release|Any CPU.ActiveCfg = Release|Any CPU
		{E75B9BCD-73C8-4C27-828D-47E6C2EECEF0}.Release|Any CPU.Build.0 = Release|Any CPU
		{EDDCEC80-BA6F-4CC0-BB0D-61A2CF5ADF4C}.Debug|Any CPU.ActiveCfg = Debug|Any CPU
		{EDDCEC80-BA6F-4CC0-BB0D-61A2CF5ADF4C}.Debug|Any CPU.Build.0 = Debug|Any CPU
		{EDDCEC80-BA6F-4CC0-BB0D-61A2CF5ADF4C}.Release|Any CPU.ActiveCfg = Release|Any CPU
		{EDDCEC80-BA6F-4CC0-BB0D-61A2CF5ADF4C}.Release|Any CPU.Build.0 = Release|Any CPU
	EndGlobalSection
EndGlobal
